
Microsoft Visual Studio Solution File, Format Version 12.00
# Visual Studio Version 16
VisualStudioVersion = 16.0.29709.97
MinimumVisualStudioVersion = 10.0.40219.1
Project("{FAE04EC0-301F-11D3-BF4B-00C04F79EFBC}") = "RESTful_WebServices", "RESTful_WebServices\RESTful_WebServices.csproj", "{3BD09173-5583-48FB-9AF0-2E5A15B4C75C}"
EndProject
Global
	GlobalSection(SolutionConfigurationPlatforms) = preSolution
		Debug|Any CPU = Debug|Any CPU
		Release|Any CPU = Release|Any CPU
	EndGlobalSection
	GlobalSection(ProjectConfigurationPlatforms) = postSolution
		{3BD09173-5583-48FB-9AF0-2E5A15B4C75C}.Debug|Any CPU.ActiveCfg = Debug|Any CPU
		{3BD09173-5583-48FB-9AF0-2E5A15B4C75C}.Debug|Any CPU.Build.0 = Debug|Any CPU
		{3BD09173-5583-48FB-9AF0-2E5A15B4C75C}.Release|Any CPU.ActiveCfg = Release|Any CPU
		{3BD09173-5583-48FB-9AF0-2E5A15B4C75C}.Release|Any CPU.Build.0 = Release|Any CPU
	EndGlobalSection
	GlobalSection(SolutionProperties) = preSolution
		HideSolutionNode = FALSE
	EndGlobalSection
	GlobalSection(ExtensibilityGlobals) = postSolution
		SolutionGuid = {75AD1317-2832-4237-91F4-1635F5FF50B7}
	EndGlobalSection
EndGlobal
